
Microsoft Visual Studio Solution File, Format Version 12.00
# Visual Studio Version 17
VisualStudioVersion = 17.10.35013.160
MinimumVisualStudioVersion = 10.0.40219.1
Project("{FAE04EC0-301F-11D3-BF4B-00C04F79EFBC}") = "HolaMundo", "HolaMundo\HolaMundo.csproj", "{2730EF22-F1E8-4309-9961-AB098700A7CE}"
EndProject
Global
	GlobalSection(SolutionConfigurationPlatforms) = preSolution
		Debug|Any CPU = Debug|Any CPU
		Release|Any CPU = Release|Any CPU
	EndGlobalSection
	GlobalSection(ProjectConfigurationPlatforms) = postSolution
		{2730EF22-F1E8-4309-9961-AB098700A7CE}.Debug|Any CPU.ActiveCfg = Debug|Any CPU
		{2730EF22-F1E8-4309-9961-AB098700A7CE}.Debug|Any CPU.Build.0 = Debug|Any CPU
		{2730EF22-F1E8-4309-9961-AB098700A7CE}.Release|Any CPU.ActiveCfg = Release|Any CPU
		{2730EF22-F1E8-4309-9961-AB098700A7CE}.Release|Any CPU.Build.0 = Release|Any CPU
	EndGlobalSection
	GlobalSection(SolutionProperties) = preSolution
		HideSolutionNode = FALSE
	EndGlobalSection
	GlobalSection(ExtensibilityGlobals) = postSolution
		SolutionGuid = {0FEF8172-DAB8-4722-A78F-75D0BF2355C2}
	EndGlobalSection
EndGlobal
